
Microsoft Visual Studio Solution File, Format Version 12.00
# Visual Studio Version 17
VisualStudioVersion = 17.3.32929.385
MinimumVisualStudioVersion = 10.0.40219.1
Project("{FAE04EC0-301F-11D3-BF4B-00C04F79EFBC}") = "ModeloBiblioteca", "ModeloBiblioteca\ModeloBiblioteca.csproj", "{377EE164-7369-478F-89DD-2764006F79E6}"
EndProject
Global
	GlobalSection(SolutionConfigurationPlatforms) = preSolution
		Debug|Any CPU = Debug|Any CPU
		Release|Any CPU = Release|Any CPU
	EndGlobalSection
	GlobalSection(ProjectConfigurationPlatforms) = postSolution
		{377EE164-7369-478F-89DD-2764006F79E6}.Debug|Any CPU.ActiveCfg = Debug|Any CPU
		{377EE164-7369-478F-89DD-2764006F79E6}.Debug|Any CPU.Build.0 = Debug|Any CPU
		{377EE164-7369-478F-89DD-2764006F79E6}.Release|Any CPU.ActiveCfg = Release|Any CPU
		{377EE164-7369-478F-89DD-2764006F79E6}.Release|Any CPU.Build.0 = Release|Any CPU
	EndGlobalSection
	GlobalSection(SolutionProperties) = preSolution
		HideSolutionNode = FALSE
	EndGlobalSection
	GlobalSection(ExtensibilityGlobals) = postSolution
		SolutionGuid = {7921572D-AC20-4B63-BBBD-51A62510C010}
	EndGlobalSection
EndGlobal
